// !$*UTF8*$!
{
	archiveVersion = 1;
	classes = {
	};
	objectVersion = 55;
	objects = {

/* Begin PBXBuildFile section */
		9E5220C528FE4DB4003F0927 /* SampleCollectionViewController.swift in Sources */ = {isa = PBXBuildFile; fileRef = 9E5220C428FE4DB4003F0927 /* SampleCollectionViewController.swift */; };
		9E65C70E28ED158B001B4A8E /* AppDelegate.swift in Sources */ = {isa = PBXBuildFile; fileRef = 9E65C70D28ED158B001B4A8E /* AppDelegate.swift */; };
		9E65C71028ED158B001B4A8E /* SceneDelegate.swift in Sources */ = {isa = PBXBuildFile; fileRef = 9E65C70F28ED158B001B4A8E /* SceneDelegate.swift */; };
		9E65C71228ED158B001B4A8E /* ViewController.swift in Sources */ = {isa = PBXBuildFile; fileRef = 9E65C71128ED158B001B4A8E /* ViewController.swift */; };
		9E65C71528ED158B001B4A8E /* Main.storyboard in Resources */ = {isa = PBXBuildFile; fileRef = 9E65C71328ED158B001B4A8E /* Main.storyboard */; };
		9E65C71728ED158D001B4A8E /* Assets.xcassets in Resources */ = {isa = PBXBuildFile; fileRef = 9E65C71628ED158D001B4A8E /* Assets.xcassets */; };
		9E65C71A28ED158D001B4A8E /* LaunchScreen.storyboard in Resources */ = {isa = PBXBuildFile; fileRef = 9E65C71828ED158D001B4A8E /* LaunchScreen.storyboard */; };
		9E65C72228ED1D74001B4A8E /* GoogleService-Info.plist in Resources */ = {isa = PBXBuildFile; fileRef = 9E65C72128ED1D74001B4A8E /* GoogleService-Info.plist */; };
		9EC0033028F793BE0091F90C /* Realm in Frameworks */ = {isa = PBXBuildFile; productRef = 9EC0032F28F793BE0091F90C /* Realm */; };
		9EC0033228F793BE0091F90C /* RealmSwift in Frameworks */ = {isa = PBXBuildFile; productRef = 9EC0033128F793BE0091F90C /* RealmSwift */; };
		9EC0033428F799FE0091F90C /* Todo.swift in Sources */ = {isa = PBXBuildFile; fileRef = 9EC0033328F799FE0091F90C /* Todo.swift */; };
		9EC0033628F79BB20091F90C /* MigrationViewController.swift in Sources */ = {isa = PBXBuildFile; fileRef = 9EC0033528F79BB20091F90C /* MigrationViewController.swift */; };
		9ECE2EA628F4ED49002D83F2 /* FirebaseAnalyticsWithoutAdIdSupport in Frameworks */ = {isa = PBXBuildFile; productRef = 9ECE2EA528F4ED49002D83F2 /* FirebaseAnalyticsWithoutAdIdSupport */; };
		9ECE2EA828F4ED49002D83F2 /* FirebaseCrashlytics in Frameworks */ = {isa = PBXBuildFile; productRef = 9ECE2EA728F4ED49002D83F2 /* FirebaseCrashlytics */; };
		9ECE2EAA28F4ED49002D83F2 /* FirebaseMessaging in Frameworks */ = {isa = PBXBuildFile; productRef = 9ECE2EA928F4ED49002D83F2 /* FirebaseMessaging */; };
/* End PBXBuildFile section */

/* Begin PBXFileReference section */
		9E5220C428FE4DB4003F0927 /* SampleCollectionViewController.swift */ = {isa = PBXFileReference; lastKnownFileType = sourcecode.swift; path = SampleCollectionViewController.swift; sourceTree = "<group>"; };
		9E65C70A28ED158B001B4A8E /* FirebaseExample.app */ = {isa = PBXFileReference; explicitFileType = wrapper.application; includeInIndex = 0; path = FirebaseExample.app; sourceTree = BUILT_PRODUCTS_DIR; };
		9E65C70D28ED158B001B4A8E /* AppDelegate.swift */ = {isa = PBXFileReference; lastKnownFileType = sourcecode.swift; path = AppDelegate.swift; sourceTree = "<group>"; };
		9E65C70F28ED158B001B4A8E /* SceneDelegate.swift */ = {isa = PBXFileReference; lastKnownFileType = sourcecode.swift; path = SceneDelegate.swift; sourceTree = "<group>"; };
		9E65C71128ED158B001B4A8E /* ViewController.swift */ = {isa = PBXFileReference; lastKnownFileType = sourcecode.swift; path = ViewController.swift; sourceTree = "<group>"; };
		9E65C71428ED158B001B4A8E /* Base */ = {isa = PBXFileReference; lastKnownFileType = file.storyboard; name = Base; path = Base.lproj/Main.storyboard; sourceTree = "<group>"; };
		9E65C71628ED158D001B4A8E /* Assets.xcassets */ = {isa = PBXFileReference; lastKnownFileType = folder.assetcatalog; path = Assets.xcassets; sourceTree = "<group>"; };
		9E65C71928ED158D001B4A8E /* Base */ = {isa = PBXFileReference; lastKnownFileType = file.storyboard; name = Base; path = Base.lproj/LaunchScreen.storyboard; sourceTree = "<group>"; };
		9E65C71B28ED158D001B4A8E /* Info.plist */ = {isa = PBXFileReference; lastKnownFileType = text.plist.xml; path = Info.plist; sourceTree = "<group>"; };
		9E65C72128ED1D74001B4A8E /* GoogleService-Info.plist */ = {isa = PBXFileReference; fileEncoding = 4; lastKnownFileType = text.plist.xml; path = "GoogleService-Info.plist"; sourceTree = "<group>"; };
		9EC0033328F799FE0091F90C /* Todo.swift */ = {isa = PBXFileReference; lastKnownFileType = sourcecode.swift; path = Todo.swift; sourceTree = "<group>"; };
		9EC0033528F79BB20091F90C /* MigrationViewController.swift */ = {isa = PBXFileReference; lastKnownFileType = sourcecode.swift; path = MigrationViewController.swift; sourceTree = "<group>"; };
		9ECE2EAB28F4F23B002D83F2 /* FirebaseExample.entitlements */ = {isa = PBXFileReference; lastKnownFileType = text.plist.entitlements; path = FirebaseExample.entitlements; sourceTree = "<group>"; };
/* End PBXFileReference section */

/* Begin PBXFrameworksBuildPhase section */
		9E65C70728ED158B001B4A8E /* Frameworks */ = {
			isa = PBXFrameworksBuildPhase;
			buildActionMask = 2147483647;
			files = (
				9ECE2EAA28F4ED49002D83F2 /* FirebaseMessaging in Frameworks */,
				9ECE2EA628F4ED49002D83F2 /* FirebaseAnalyticsWithoutAdIdSupport in Frameworks */,
				9EC0033028F793BE0091F90C /* Realm in Frameworks */,
				9EC0033228F793BE0091F90C /* RealmSwift in Frameworks */,
				9ECE2EA828F4ED49002D83F2 /* FirebaseCrashlytics in Frameworks */,
			);
			runOnlyForDeploymentPostprocessing = 0;
		};
/* End PBXFrameworksBuildPhase section */

/* Begin PBXGroup section */
		9E65C70128ED158B001B4A8E = {
			isa = PBXGroup;
			children = (
				9E65C70C28ED158B001B4A8E /* FirebaseExample */,
				9E65C70B28ED158B001B4A8E /* Products */,
			);
			sourceTree = "<group>";
		};
		9E65C70B28ED158B001B4A8E /* Products */ = {
			isa = PBXGroup;
			children = (
				9E65C70A28ED158B001B4A8E /* FirebaseExample.app */,
			);
			name = Products;
			sourceTree = "<group>";
		};
		9E65C70C28ED158B001B4A8E /* FirebaseExample */ = {
			isa = PBXGroup;
			children = (
				9ECE2EAB28F4F23B002D83F2 /* FirebaseExample.entitlements */,
				9E65C72128ED1D74001B4A8E /* GoogleService-Info.plist */,
				9EC0033328F799FE0091F90C /* Todo.swift */,
				9EC0033528F79BB20091F90C /* MigrationViewController.swift */,
				9E65C70D28ED158B001B4A8E /* AppDelegate.swift */,
				9E65C70F28ED158B001B4A8E /* SceneDelegate.swift */,
				9E65C71128ED158B001B4A8E /* ViewController.swift */,
				9E65C71328ED158B001B4A8E /* Main.storyboard */,
				9E65C71628ED158D001B4A8E /* Assets.xcassets */,
				9E65C71828ED158D001B4A8E /* LaunchScreen.storyboard */,
				9E65C71B28ED158D001B4A8E /* Info.plist */,
				9E5220C428FE4DB4003F0927 /* SampleCollectionViewController.swift */,
			);
			path = FirebaseExample;
			sourceTree = "<group>";
		};
/* End PBXGroup section */

/* Begin PBXNativeTarget section */
		9E65C70928ED158B001B4A8E /* FirebaseExample */ = {
			isa = PBXNativeTarget;
			buildConfigurationList = 9E65C71E28ED158D001B4A8E /* Build configuration list for PBXNativeTarget "FirebaseExample" */;
			buildPhases = (
				9E65C70628ED158B001B4A8E /* Sources */,
				9E65C70728ED158B001B4A8E /* Frameworks */,
				9E65C70828ED158B001B4A8E /* Resources */,
				9E65C72B28ED2E58001B4A8E /* ShellScript */,
			);
			buildRules = (
			);
			dependencies = (
			);
			name = FirebaseExample;
			packageProductDependencies = (
				9ECE2EA528F4ED49002D83F2 /* FirebaseAnalyticsWithoutAdIdSupport */,
				9ECE2EA728F4ED49002D83F2 /* FirebaseCrashlytics */,
				9ECE2EA928F4ED49002D83F2 /* FirebaseMessaging */,
				9EC0032F28F793BE0091F90C /* Realm */,
				9EC0033128F793BE0091F90C /* RealmSwift */,
			);
			productName = FirebaseExample;
			productReference = 9E65C70A28ED158B001B4A8E /* FirebaseExample.app */;
			productType = "com.apple.product-type.application";
		};
/* End PBXNativeTarget section */

/* Begin PBXProject section */
		9E65C70228ED158B001B4A8E /* Project object */ = {
			isa = PBXProject;
			attributes = {
				BuildIndependentTargetsInParallel = 1;
				LastSwiftUpdateCheck = 1340;
				LastUpgradeCheck = 1340;
				TargetAttributes = {
					9E65C70928ED158B001B4A8E = {
						CreatedOnToolsVersion = 13.4.1;
					};
				};
			};
			buildConfigurationList = 9E65C70528ED158B001B4A8E /* Build configuration list for PBXProject "FirebaseExample" */;
			compatibilityVersion = "Xcode 13.0";
			developmentRegion = en;
			hasScannedForEncodings = 0;
			knownRegions = (
				en,
				Base,
			);
			mainGroup = 9E65C70128ED158B001B4A8E;
			packageReferences = (
				9ECE2EA428F4ED49002D83F2 /* XCRemoteSwiftPackageReference "firebase-ios-sdk" */,
				9EC0032E28F793BE0091F90C /* XCRemoteSwiftPackageReference "realm-swift" */,
			);
			productRefGroup = 9E65C70B28ED158B001B4A8E /* Products */;
			projectDirPath = "";
			projectRoot = "";
			targets = (
				9E65C70928ED158B001B4A8E /* FirebaseExample */,
			);
		};
/* End PBXProject section */

/* Begin PBXResourcesBuildPhase section */
		9E65C70828ED158B001B4A8E /* Resources */ = {
			isa = PBXResourcesBuildPhase;
			buildActionMask = 2147483647;
			files = (
				9E65C71A28ED158D001B4A8E /* LaunchScreen.storyboard in Resources */,
				9E65C72228ED1D74001B4A8E /* GoogleService-Info.plist in Resources */,
				9E65C71728ED158D001B4A8E /* Assets.xcassets in Resources */,
				9E65C71528ED158B001B4A8E /* Main.storyboard in Resources */,
			);
			runOnlyForDeploymentPostprocessing = 0;
		};
/* End PBXResourcesBuildPhase section */

/* Begin PBXShellScriptBuildPhase section */
		9E65C72B28ED2E58001B4A8E /* ShellScript */ = {
			isa = PBXShellScriptBuildPhase;
			buildActionMask = 2147483647;
			files = (
			);
			inputFileListPaths = (
			);
			inputPaths = (
				"${DWARF_DSYM_FOLDER_PATH}/${DWARF_DSYM_FILE_NAME}/Contents/Resources/DWARF/${TARGET_NAME}",
				"$(SRCROOT)/$(BUILT_PRODUCTS_DIR)/$(INFOPLIST_PATH)",
			);
			outputFileListPaths = (
			);
			outputPaths = (
			);
			runOnlyForDeploymentPostprocessing = 0;
			shellPath = /bin/sh;
			shellScript = "# Type a script or drag a script file from your workspace to insert its path.\n\"${BUILD_DIR%/Build/*}/SourcePackages/checkouts/firebase-ios-sdk/Crashlytics/run\"\n";
		};
/* End PBXShellScriptBuildPhase section */

/* Begin PBXSourcesBuildPhase section */
		9E65C70628ED158B001B4A8E /* Sources */ = {
			isa = PBXSourcesBuildPhase;
			buildActionMask = 2147483647;
			files = (
				9E65C71228ED158B001B4A8E /* ViewController.swift in Sources */,
				9E65C70E28ED158B001B4A8E /* AppDelegate.swift in Sources */,
				9EC0033628F79BB20091F90C /* MigrationViewController.swift in Sources */,
				9E65C71028ED158B001B4A8E /* SceneDelegate.swift in Sources */,
				9E5220C528FE4DB4003F0927 /* SampleCollectionViewController.swift in Sources */,
				9EC0033428F799FE0091F90C /* Todo.swift in Sources */,
			);
			runOnlyForDeploymentPostprocessing = 0;
		};
/* End PBXSourcesBuildPhase section */

/* Begin PBXVariantGroup section */
		9E65C71328ED158B001B4A8E /* Main.storyboard */ = {
			isa = PBXVariantGroup;
			children = (
				9E65C71428ED158B001B4A8E /* Base */,
			);
			name = Main.storyboard;
			sourceTree = "<group>";
		};
		9E65C71828ED158D001B4A8E /* LaunchScreen.storyboard */ = {
			isa = PBXVariantGroup;
			children = (
				9E65C71928ED158D001B4A8E /* Base */,
			);
			name = LaunchScreen.storyboard;
			sourceTree = "<group>";
		};
/* End PBXVariantGroup section */

/* Begin XCBuildConfiguration section */
		9E65C71C28ED158D001B4A8E /* Debug */ = {
			isa = XCBuildConfiguration;
			buildSettings = {
				ALWAYS_SEARCH_USER_PATHS = NO;
				CLANG_ANALYZER_NONNULL = YES;
				CLANG_ANALYZER_NUMBER_OBJECT_CONVERSION = YES_AGGRESSIVE;
				CLANG_CXX_LANGUAGE_STANDARD = "gnu++17";
				CLANG_ENABLE_MODULES = YES;
				CLANG_ENABLE_OBJC_ARC = YES;
				CLANG_ENABLE_OBJC_WEAK = YES;
				CLANG_WARN_BLOCK_CAPTURE_AUTORELEASING = YES;
				CLANG_WARN_BOOL_CONVERSION = YES;
				CLANG_WARN_COMMA = YES;
				CLANG_WARN_CONSTANT_CONVERSION = YES;
				CLANG_WARN_DEPRECATED_OBJC_IMPLEMENTATIONS = YES;
				CLANG_WARN_DIRECT_OBJC_ISA_USAGE = YES_ERROR;
				CLANG_WARN_DOCUMENTATION_COMMENTS = YES;
				CLANG_WARN_EMPTY_BODY = YES;
				CLANG_WARN_ENUM_CONVERSION = YES;
				CLANG_WARN_INFINITE_RECURSION = YES;
				CLANG_WARN_INT_CONVERSION = YES;
				CLANG_WARN_NON_LITERAL_NULL_CONVERSION = YES;
				CLANG_WARN_OBJC_IMPLICIT_RETAIN_SELF = YES;
				CLANG_WARN_OBJC_LITERAL_CONVERSION = YES;
				CLANG_WARN_OBJC_ROOT_CLASS = YES_ERROR;
				CLANG_WARN_QUOTED_INCLUDE_IN_FRAMEWORK_HEADER = YES;
				CLANG_WARN_RANGE_LOOP_ANALYSIS = YES;
				CLANG_WARN_STRICT_PROTOTYPES = YES;
				CLANG_WARN_SUSPICIOUS_MOVE = YES;
				CLANG_WARN_UNGUARDED_AVAILABILITY = YES_AGGRESSIVE;
				CLANG_WARN_UNREACHABLE_CODE = YES;
				CLANG_WARN__DUPLICATE_METHOD_MATCH = YES;
				COPY_PHASE_STRIP = NO;
				DEBUG_INFORMATION_FORMAT = "dwarf-with-dsym";
				ENABLE_STRICT_OBJC_MSGSEND = YES;
				ENABLE_TESTABILITY = YES;
				GCC_C_LANGUAGE_STANDARD = gnu11;
				GCC_DYNAMIC_NO_PIC = NO;
				GCC_NO_COMMON_BLOCKS = YES;
				GCC_OPTIMIZATION_LEVEL = 0;
				GCC_PREPROCESSOR_DEFINITIONS = (
					"DEBUG=1",
					"$(inherited)",
				);
				GCC_WARN_64_TO_32_BIT_CONVERSION = YES;
				GCC_WARN_ABOUT_RETURN_TYPE = YES_ERROR;
				GCC_WARN_UNDECLARED_SELECTOR = YES;
				GCC_WARN_UNINITIALIZED_AUTOS = YES_AGGRESSIVE;
				GCC_WARN_UNUSED_FUNCTION = YES;
				GCC_WARN_UNUSED_VARIABLE = YES;
				IPHONEOS_DEPLOYMENT_TARGET = 15.5;
				MTL_ENABLE_DEBUG_INFO = INCLUDE_SOURCE;
				MTL_FAST_MATH = YES;
				ONLY_ACTIVE_ARCH = YES;
				SDKROOT = iphoneos;
				SWIFT_ACTIVE_COMPILATION_CONDITIONS = DEBUG;
				SWIFT_OPTIMIZATION_LEVEL = "-Onone";
			};
			name = Debug;
		};
		9E65C71D28ED158D001B4A8E /* Release */ = {
			isa = XCBuildConfiguration;
			buildSettings = {
				ALWAYS_SEARCH_USER_PATHS = NO;
				CLANG_ANALYZER_NONNULL = YES;
				CLANG_ANALYZER_NUMBER_OBJECT_CONVERSION = YES_AGGRESSIVE;
				CLANG_CXX_LANGUAGE_STANDARD = "gnu++17";
				CLANG_ENABLE_MODULES = YES;
				CLANG_ENABLE_OBJC_ARC = YES;
				CLANG_ENABLE_OBJC_WEAK = YES;
				CLANG_WARN_BLOCK_CAPTURE_AUTORELEASING = YES;
				CLANG_WARN_BOOL_CONVERSION = YES;
				CLANG_WARN_COMMA = YES;
				CLANG_WARN_CONSTANT_CONVERSION = YES;
				CLANG_WARN_DEPRECATED_OBJC_IMPLEMENTATIONS = YES;
				CLANG_WARN_DIRECT_OBJC_ISA_USAGE = YES_ERROR;
				CLANG_WARN_DOCUMENTATION_COMMENTS = YES;
				CLANG_WARN_EMPTY_BODY = YES;
				CLANG_WARN_ENUM_CONVERSION = YES;
				CLANG_WARN_INFINITE_RECURSION = YES;
				CLANG_WARN_INT_CONVERSION = YES;
				CLANG_WARN_NON_LITERAL_NULL_CONVERSION = YES;
				CLANG_WARN_OBJC_IMPLICIT_RETAIN_SELF = YES;
				CLANG_WARN_OBJC_LITERAL_CONVERSION = YES;
				CLANG_WARN_OBJC_ROOT_CLASS = YES_ERROR;
				CLANG_WARN_QUOTED_INCLUDE_IN_FRAMEWORK_HEADER = YES;
				CLANG_WARN_RANGE_LOOP_ANALYSIS = YES;
				CLANG_WARN_STRICT_PROTOTYPES = YES;
				CLANG_WARN_SUSPICIOUS_MOVE = YES;
				CLANG_WARN_UNGUARDED_AVAILABILITY = YES_AGGRESSIVE;
				CLANG_WARN_UNREACHABLE_CODE = YES;
				CLANG_WARN__DUPLICATE_METHOD_MATCH = YES;
				COPY_PHASE_STRIP = NO;
				DEBUG_INFORMATION_FORMAT = "dwarf-with-dsym";
				ENABLE_NS_ASSERTIONS = NO;
				ENABLE_STRICT_OBJC_MSGSEND = YES;
				GCC_C_LANGUAGE_STANDARD = gnu11;
				GCC_NO_COMMON_BLOCKS = YES;
				GCC_WARN_64_TO_32_BIT_CONVERSION = YES;
				GCC_WARN_ABOUT_RETURN_TYPE = YES_ERROR;
				GCC_WARN_UNDECLARED_SELECTOR = YES;
				GCC_WARN_UNINITIALIZED_AUTOS = YES_AGGRESSIVE;
				GCC_WARN_UNUSED_FUNCTION = YES;
				GCC_WARN_UNUSED_VARIABLE = YES;
				IPHONEOS_DEPLOYMENT_TARGET = 15.5;
				MTL_ENABLE_DEBUG_INFO = NO;
				MTL_FAST_MATH = YES;
				SDKROOT = iphoneos;
				SWIFT_COMPILATION_MODE = wholemodule;
				SWIFT_OPTIMIZATION_LEVEL = "-O";
				VALIDATE_PRODUCT = YES;
			};
			name = Release;
		};
		9E65C71F28ED158D001B4A8E /* Debug */ = {
			isa = XCBuildConfiguration;
			buildSettings = {
				ASSETCATALOG_COMPILER_APPICON_NAME = AppIcon;
				ASSETCATALOG_COMPILER_GLOBAL_ACCENT_COLOR_NAME = AccentColor;
				CODE_SIGN_ENTITLEMENTS = FirebaseExample/FirebaseExample.entitlements;
				CODE_SIGN_STYLE = Automatic;
				CURRENT_PROJECT_VERSION = 1;
				DEVELOPMENT_TEAM = K27UK338MM;
				GENERATE_INFOPLIST_FILE = YES;
				INFOPLIST_FILE = FirebaseExample/Info.plist;
				INFOPLIST_KEY_UIApplicationSupportsIndirectInputEvents = YES;
				INFOPLIST_KEY_UILaunchStoryboardName = LaunchScreen;
				INFOPLIST_KEY_UIMainStoryboardFile = Main;
				INFOPLIST_KEY_UISupportedInterfaceOrientations_iPad = "UIInterfaceOrientationPortrait UIInterfaceOrientationPortraitUpsideDown UIInterfaceOrientationLandscapeLeft UIInterfaceOrientationLandscapeRight";
				INFOPLIST_KEY_UISupportedInterfaceOrientations_iPhone = "UIInterfaceOrientationPortrait UIInterfaceOrientationLandscapeLeft UIInterfaceOrientationLandscapeRight";
				IPHONEOS_DEPLOYMENT_TARGET = 14.0;
				LD_RUNPATH_SEARCH_PATHS = (
					"$(inherited)",
					"@executable_path/Frameworks",
				);
				MARKETING_VERSION = 1.0;
				PRODUCT_BUNDLE_IDENTIFIER = com.Anniekang.FirebaseExample;
				PRODUCT_NAME = "$(TARGET_NAME)";
				SWIFT_EMIT_LOC_STRINGS = YES;
				SWIFT_VERSION = 5.0;
				TARGETED_DEVICE_FAMILY = "1,2";
			};
			name = Debug;
		};
		9E65C72028ED158D001B4A8E /* Release */ = {
			isa = XCBuildConfiguration;
			buildSettings = {
				ASSETCATALOG_COMPILER_APPICON_NAME = AppIcon;
				ASSETCATALOG_COMPILER_GLOBAL_ACCENT_COLOR_NAME = AccentColor;
				CODE_SIGN_ENTITLEMENTS = FirebaseExample/FirebaseExample.entitlements;
				CODE_SIGN_STYLE = Automatic;
				CURRENT_PROJECT_VERSION = 1;
				DEVELOPMENT_TEAM = K27UK338MM;
				GENERATE_INFOPLIST_FILE = YES;
				INFOPLIST_FILE = FirebaseExample/Info.plist;
				INFOPLIST_KEY_UIApplicationSupportsIndirectInputEvents = YES;
				INFOPLIST_KEY_UILaunchStoryboardName = LaunchScreen;
				INFOPLIST_KEY_UIMainStoryboardFile = Main;
				INFOPLIST_KEY_UISupportedInterfaceOrientations_iPad = "UIInterfaceOrientationPortrait UIInterfaceOrientationPortraitUpsideDown UIInterfaceOrientationLandscapeLeft UIInterfaceOrientationLandscapeRight";
				INFOPLIST_KEY_UISupportedInterfaceOrientations_iPhone = "UIInterfaceOrientationPortrait UIInterfaceOrientationLandscapeLeft UIInterfaceOrientationLandscapeRight";
				IPHONEOS_DEPLOYMENT_TARGET = 14.0;
				LD_RUNPATH_SEARCH_PATHS = (
					"$(inherited)",
					"@executable_path/Frameworks",
				);
				MARKETING_VERSION = 1.0;
				PRODUCT_BUNDLE_IDENTIFIER = com.Anniekang.FirebaseExample;
				PRODUCT_NAME = "$(TARGET_NAME)";
				SWIFT_EMIT_LOC_STRINGS = YES;
				SWIFT_VERSION = 5.0;
				TARGETED_DEVICE_FAMILY = "1,2";
			};
			name = Release;
		};
/* End XCBuildConfiguration section */

/* Begin XCConfigurationList section */
		9E65C70528ED158B001B4A8E /* Build configuration list for PBXProject "FirebaseExample" */ = {
			isa = XCConfigurationList;
			buildConfigurations = (
				9E65C71C28ED158D001B4A8E /* Debug */,
				9E65C71D28ED158D001B4A8E /* Release */,
			);
			defaultConfigurationIsVisible = 0;
			defaultConfigurationName = Release;
		};
		9E65C71E28ED158D001B4A8E /* Build configuration list for PBXNativeTarget "FirebaseExample" */ = {
			isa = XCConfigurationList;
			buildConfigurations = (
				9E65C71F28ED158D001B4A8E /* Debug */,
				9E65C72028ED158D001B4A8E /* Release */,
			);
			defaultConfigurationIsVisible = 0;
			defaultConfigurationName = Release;
		};
/* End XCConfigurationList section */

/* Begin XCRemoteSwiftPackageReference section */
		9EC0032E28F793BE0091F90C /* XCRemoteSwiftPackageReference "realm-swift" */ = {
			isa = XCRemoteSwiftPackageReference;
			repositoryURL = "https://github.com/realm/realm-swift.git";
			requirement = {
				kind = upToNextMajorVersion;
				minimumVersion = 10.31.0;
			};
		};
		9ECE2EA428F4ED49002D83F2 /* XCRemoteSwiftPackageReference "firebase-ios-sdk" */ = {
			isa = XCRemoteSwiftPackageReference;
			repositoryURL = "https://github.com/firebase/firebase-ios-sdk";
			requirement = {
				kind = upToNextMajorVersion;
				minimumVersion = 9.0.0;
			};
		};
/* End XCRemoteSwiftPackageReference section */

/* Begin XCSwiftPackageProductDependency section */
		9EC0032F28F793BE0091F90C /* Realm */ = {
			isa = XCSwiftPackageProductDependency;
			package = 9EC0032E28F793BE0091F90C /* XCRemoteSwiftPackageReference "realm-swift" */;
			productName = Realm;
		};
		9EC0033128F793BE0091F90C /* RealmSwift */ = {
			isa = XCSwiftPackageProductDependency;
			package = 9EC0032E28F793BE0091F90C /* XCRemoteSwiftPackageReference "realm-swift" */;
			productName = RealmSwift;
		};
		9ECE2EA528F4ED49002D83F2 /* FirebaseAnalyticsWithoutAdIdSupport */ = {
			isa = XCSwiftPackageProductDependency;
			package = 9ECE2EA428F4ED49002D83F2 /* XCRemoteSwiftPackageReference "firebase-ios-sdk" */;
			productName = FirebaseAnalyticsWithoutAdIdSupport;
		};
		9ECE2EA728F4ED49002D83F2 /* FirebaseCrashlytics */ = {
			isa = XCSwiftPackageProductDependency;
			package = 9ECE2EA428F4ED49002D83F2 /* XCRemoteSwiftPackageReference "firebase-ios-sdk" */;
			productName = FirebaseCrashlytics;
		};
		9ECE2EA928F4ED49002D83F2 /* FirebaseMessaging */ = {
			isa = XCSwiftPackageProductDependency;
			package = 9ECE2EA428F4ED49002D83F2 /* XCRemoteSwiftPackageReference "firebase-ios-sdk" */;
			productName = FirebaseMessaging;
		};
/* End XCSwiftPackageProductDependency section */
	};
	rootObject = 9E65C70228ED158B001B4A8E /* Project object */;
}
